PODS:
  - Alamofire (4.8.2)
  - IGLDropDownMenu (1.6.2)
  - JCore (1.2.6)
  - JPush (3.1.2):
    - JCore (~> 1.2.6)
  - JSONModel (1.8.0)
  - SendBirdSDK (3.0.135)

DEPENDENCIES:
  - Alamofire
  - IGLDropDownMenu
  - JPush
  - JSONModel
  - SendBirdSDK

SPEC REPOS:
  https://github.com/cocoapods/specs.git:
    - Alamofire
    - IGLDropDownMenu
    - JCore
    - JPush
    - JSONModel
    - SendBirdSDK

SPEC CHECKSUMS:
  Alamofire: ae5c501addb7afdbb13687d7f2f722c78734c2d3
  IGLDropDownMenu: ae118618ae858fa66ce7c2ac80ed9124a710b228
  JCore: cae516dd2bf1a73b578ce6e1065abd49e709e0f7
  JPush: d0cead70ba223a6a3b52749899ebda830dfbc49a
  JSONModel: 02ab723958366a3fd27da57ea2af2113658762e9
  SendBirdSDK: 19f49ff0a82b41a62caf2d8800f1b899d947207c

PODFILE CHECKSUM: 048274aef96d05394d18a1915c2570061a62df63

COCOAPODS: 1.6.1
